
Microsoft Visual Studio Solution File, Format Version 12.00
# Visual Studio Version 17
VisualStudioVersion = 17.11.35327.3
MinimumVisualStudioVersion = 10.0.40219.1
Project("{FAE04EC0-301F-11D3-BF4B-00C04F79EFBC}") = "SocialLibrary.API", "SocialLibrary.API\SocialLibrary.API.csproj", "{C7E35C59-AB10-43C8-BB36-745E35DCCA0F}"
EndProject
Global
	GlobalSection(SolutionConfigurationPlatforms) = preSolution
		Debug|Any CPU = Debug|Any CPU
		Release|Any CPU = Release|Any CPU
	EndGlobalSection
	GlobalSection(ProjectConfigurationPlatforms) = postSolution
		{C7E35C59-AB10-43C8-BB36-745E35DCCA0F}.Debug|Any CPU.ActiveCfg = Debug|Any CPU
		{C7E35C59-AB10-43C8-BB36-745E35DCCA0F}.Debug|Any CPU.Build.0 = Debug|Any CPU
		{C7E35C59-AB10-43C8-BB36-745E35DCCA0F}.Release|Any CPU.ActiveCfg = Release|Any CPU
		{C7E35C59-AB10-43C8-BB36-745E35DCCA0F}.Release|Any CPU.Build.0 = Release|Any CPU
	EndGlobalSection
	GlobalSection(SolutionProperties) = preSolution
		HideSolutionNode = FALSE
	EndGlobalSection
	GlobalSection(ExtensibilityGlobals) = postSolution
		SolutionGuid = {AE3F17D5-9AE4-46DE-8BE5-B3834161BB43}
	EndGlobalSection
EndGlobal
